// !$*UTF8*$!
{
	archiveVersion = 1;
	classes = {
	};
	objectVersion = 46;
	objects = {

/* Begin PBXBuildFile section */
		A131CC8E1E8EEE6600A5D66B /* SubscribeToCurrentUser.swift in Sources */ = {isa = PBXBuildFile; fileRef = A131CC8D1E8EEE6600A5D66B /* SubscribeToCurrentUser.swift */; };
		A14B64DF1E8D3EC200CBDE92 /* UIViewControllerExtensions.swift in Sources */ = {isa = PBXBuildFile; fileRef = A14B64DE1E8D3EC200CBDE92 /* UIViewControllerExtensions.swift */; };
		A14B64E11E8D429800CBDE92 /* StockPhotosViewController.swift in Sources */ = {isa = PBXBuildFile; fileRef = A14B64E01E8D429800CBDE92 /* StockPhotosViewController.swift */; };
		A14B64E41E8D42B000CBDE92 /* StockPhotosViewController.storyboard in Resources */ = {isa = PBXBuildFile; fileRef = A14B64E21E8D42B000CBDE92 /* StockPhotosViewController.storyboard */; };
		A14B64E61E8D647B00CBDE92 /* AddTeamViewController.swift in Sources */ = {isa = PBXBuildFile; fileRef = A14B64E51E8D647B00CBDE92 /* AddTeamViewController.swift */; };
		A14B64E91E8D64A900CBDE92 /* AddTeamViewController.storyboard in Resources */ = {isa = PBXBuildFile; fileRef = A14B64E71E8D64A900CBDE92 /* AddTeamViewController.storyboard */; };
		A14B64EC1E8D65C500CBDE92 /* TeamCreationViewController.storyboard in Resources */ = {isa = PBXBuildFile; fileRef = A14B64EA1E8D65C500CBDE92 /* TeamCreationViewController.storyboard */; };
		A14B64EE1E8D662900CBDE92 /* TeamCreationViewController.swift in Sources */ = {isa = PBXBuildFile; fileRef = A14B64ED1E8D662900CBDE92 /* TeamCreationViewController.swift */; };
		A14B64F01E8D67A100CBDE92 /* SaveTeam.swift in Sources */ = {isa = PBXBuildFile; fileRef = A14B64EF1E8D67A100CBDE92 /* SaveTeam.swift */; };
		A14B64F21E8D696800CBDE92 /* AddTeamToUser.swift in Sources */ = {isa = PBXBuildFile; fileRef = A14B64F11E8D696800CBDE92 /* AddTeamToUser.swift */; };
		A14B64F41E8E04CA00CBDE92 /* GetUserTeams.swift in Sources */ = {isa = PBXBuildFile; fileRef = A14B64F31E8E04CA00CBDE92 /* GetUserTeams.swift */; };
		A14B64F61E8E0E5400CBDE92 /* FirebaseNetworkAccess.swift in Sources */ = {isa = PBXBuildFile; fileRef = A14B64F51E8E0E5400CBDE92 /* FirebaseNetworkAccess.swift */; };
		A14B64F81E8E9D2300CBDE92 /* GoogleService-Info.plist in Resources */ = {isa = PBXBuildFile; fileRef = A14B64F71E8E9D2300CBDE92 /* GoogleService-Info.plist */; };
		A14B64FA1E8EB95600CBDE92 /* Firebase+St@ts.swift in Sources */ = {isa = PBXBuildFile; fileRef = A14B64F91E8EB95600CBDE92 /* Firebase+St@ts.swift */; };
		A14B64FC1E8EB99B00CBDE92 /* Identifiable.swift in Sources */ = {isa = PBXBuildFile; fileRef = A14B64FB1E8EB99B00CBDE92 /* Identifiable.swift */; };
		A16D416D1E97364300DE01D4 /* DeleteTeam.swift in Sources */ = {isa = PBXBuildFile; fileRef = A16D416C1E97364300DE01D4 /* DeleteTeam.swift */; };
		A179996E1E82B64A0058A002 /* User.swift in Sources */ = {isa = PBXBuildFile; fileRef = A179996D1E82B64A0058A002 /* User.swift */; };
		A17999701E82B67C0058A002 /* LoadICloudUser.swift in Sources */ = {isa = PBXBuildFile; fileRef = A179996F1E82B67C0058A002 /* LoadICloudUser.swift */; };
		A179997D1E82B8BD0058A002 /* NSDate+ValueType.swift in Sources */ = {isa = PBXBuildFile; fileRef = A179997C1E82B8BD0058A002 /* NSDate+ValueType.swift */; };
		A17999821E82B9780058A002 /* DateHelper.swift in Sources */ = {isa = PBXBuildFile; fileRef = A17999811E82B9780058A002 /* DateHelper.swift */; };
		A17999841E82B9860058A002 /* SegueHandlerType.swift in Sources */ = {isa = PBXBuildFile; fileRef = A17999831E82B9860058A002 /* SegueHandlerType.swift */; };
		A17999861E82B98E0058A002 /* StoryboardInitializable.swift in Sources */ = {isa = PBXBuildFile; fileRef = A17999851E82B98E0058A002 /* StoryboardInitializable.swift */; };
		A17999881E82B9A60058A002 /* UIColorExtension.swift in Sources */ = {isa = PBXBuildFile; fileRef = A17999871E82B9A60058A002 /* UIColorExtension.swift */; };
		A179998D1E82D1E60058A002 /* CloudKit.framework in Frameworks */ = {isa = PBXBuildFile; fileRef = A179998C1E82D1E60058A002 /* CloudKit.framework */; };
		A17999911E82DF300058A002 /* HomeCollectionViewCell.swift in Sources */ = {isa = PBXBuildFile; fileRef = A179998E1E82DF300058A002 /* HomeCollectionViewCell.swift */; };
		A17999921E82DF300058A002 /* HomeMenuItem.swift in Sources */ = {isa = PBXBuildFile; fileRef = A179998F1E82DF300058A002 /* HomeMenuItem.swift */; };
		A17999931E82DF300058A002 /* HomeViewController.swift in Sources */ = {isa = PBXBuildFile; fileRef = A17999901E82DF300058A002 /* HomeViewController.swift */; };
		A17999971E82DFF00058A002 /* LaunchScreen.storyboard in Resources */ = {isa = PBXBuildFile; fileRef = A17999951E82DFF00058A002 /* LaunchScreen.storyboard */; };
		A179999A1E82DFFF0058A002 /* HomeViewController.storyboard in Resources */ = {isa = PBXBuildFile; fileRef = A17999981E82DFFF0058A002 /* HomeViewController.storyboard */; };
		A17EF6BC1E930D3100DEE4ED /* TeamSwitcherViewController.storyboard in Resources */ = {isa = PBXBuildFile; fileRef = A17EF6BA1E930D3100DEE4ED /* TeamSwitcherViewController.storyboard */; };
		A17EF6BE1E931A0300DEE4ED /* TeamSwitcherViewController.swift in Sources */ = {isa = PBXBuildFile; fileRef = A17EF6BD1E931A0300DEE4ED /* TeamSwitcherViewController.swift */; };
		A17EF6C01E93256000DEE4ED /* TouchObject.swift in Sources */ = {isa = PBXBuildFile; fileRef = A17EF6BF1E93256000DEE4ED /* TouchObject.swift */; };
		A17EF6C41E93E8D200DEE4ED /* NewTeamState.swift in Sources */ = {isa = PBXBuildFile; fileRef = A17EF6C31E93E8D200DEE4ED /* NewTeamState.swift */; };
		A17EF6C61E93EDEC00DEE4ED /* UploadToStorage.swift in Sources */ = {isa = PBXBuildFile; fileRef = A17EF6C51E93EDEC00DEE4ED /* UploadToStorage.swift */; };
		A17EF6C81E93FC6D00DEE4ED /* CreateSeason.swift in Sources */ = {isa = PBXBuildFile; fileRef = A17EF6C71E93FC6D00DEE4ED /* CreateSeason.swift */; };
		A17EF6CA1E94040D00DEE4ED /* DeleteObject.swift in Sources */ = {isa = PBXBuildFile; fileRef = A17EF6C91E94040D00DEE4ED /* DeleteObject.swift */; };
		A17EF6CC1E94044E00DEE4ED /* UpdateObject.swift in Sources */ = {isa = PBXBuildFile; fileRef = A17EF6CB1E94044E00DEE4ED /* UpdateObject.swift */; };
		A17EF6CE1E94148300DEE4ED /* SubscribeToObject.swift in Sources */ = {isa = PBXBuildFile; fileRef = A17EF6CD1E94148300DEE4ED /* SubscribeToObject.swift */; };
		A17EF6D01E941D8700DEE4ED /* SubscribeToTeam.swift in Sources */ = {isa = PBXBuildFile; fileRef = A17EF6CF1E941D8700DEE4ED /* SubscribeToTeam.swift */; };
		A17EF6D91E954A6500DEE4ED /* DeleteImage.swift in Sources */ = {isa = PBXBuildFile; fileRef = A17EF6D81E954A6500DEE4ED /* DeleteImage.swift */; };
		A1868F9D1E802DDD00C191EC /* Result.swift in Sources */ = {isa = PBXBuildFile; fileRef = A1868F9C1E802DDD00C191EC /* Result.swift */; };
		A1868F9F1E802E1600C191EC /* AppState.swift in Sources */ = {isa = PBXBuildFile; fileRef = A1868F9E1E802E1600C191EC /* AppState.swift */; };
		A1868FA21E802F5C00C191EC /* Reactor.swift in Sources */ = {isa = PBXBuildFile; fileRef = A1868FA11E802F5C00C191EC /* Reactor.swift */; };
		A1A2C35C1E8BF2FB0008274F /* AvatarViewController.swift in Sources */ = {isa = PBXBuildFile; fileRef = A1A2C35B1E8BF2FB0008274F /* AvatarViewController.swift */; };
		A1A2C35E1E8BF3680008274F /* Component.swift in Sources */ = {isa = PBXBuildFile; fileRef = A1A2C35D1E8BF3680008274F /* Component.swift */; };
		A1A2C3631E8BF6020008274F /* TeamHeaderCell.swift in Sources */ = {isa = PBXBuildFile; fileRef = A1A2C3611E8BF6020008274F /* TeamHeaderCell.swift */; };
		A1A2C3641E8BF6020008274F /* TeamHeaderCell.xib in Resources */ = {isa = PBXBuildFile; fileRef = A1A2C3621E8BF6020008274F /* TeamHeaderCell.xib */; };
		A1A2C3691E8C05150008274F /* TeamHeaderSectionController.swift in Sources */ = {isa = PBXBuildFile; fileRef = A1A2C3681E8C05150008274F /* TeamHeaderSectionController.swift */; };
		A1A2C36F1E8C0F4C0008274F /* AvatarViewController.storyboard in Resources */ = {isa = PBXBuildFile; fileRef = A1A2C36D1E8C0F4C0008274F /* AvatarViewController.storyboard */; };
		A1A2C3721E8C11F30008274F /* EmailViewController.storyboard in Resources */ = {isa = PBXBuildFile; fileRef = A1A2C3701E8C11F30008274F /* EmailViewController.storyboard */; };
		A1A2C3741E8C12080008274F /* EmailViewController.swift in Sources */ = {isa = PBXBuildFile; fileRef = A1A2C3731E8C12080008274F /* EmailViewController.swift */; };
		A1A2C3751E8C135E0008274F /* SaveNewUser.swift in Sources */ = {isa = PBXBuildFile; fileRef = A17999711E82B6930058A002 /* SaveNewUser.swift */; };
		A1B41C241E85A4B300FAC930 /* Team.swift in Sources */ = {isa = PBXBuildFile; fileRef = A1B41C231E85A4B300FAC930 /* Team.swift */; };
		A1B41C261E85A4C400FAC930 /* Player.swift in Sources */ = {isa = PBXBuildFile; fileRef = A1B41C251E85A4C400FAC930 /* Player.swift */; };
		A1B41C2A1E85A4E300FAC930 /* AtBat.swift in Sources */ = {isa = PBXBuildFile; fileRef = A1B41C291E85A4E300FAC930 /* AtBat.swift */; };
		A1BF9C3F1E8AC443007341EA /* Game.swift in Sources */ = {isa = PBXBuildFile; fileRef = A1B41C271E85A4CD00FAC930 /* Game.swift */; };
		A1BF9C401E8AC449007341EA /* GameState.swift in Sources */ = {isa = PBXBuildFile; fileRef = A1CD9A0B1E89C30400D3C8F7 /* GameState.swift */; };
		A1BF9C441E8B2172007341EA /* UserState.swift in Sources */ = {isa = PBXBuildFile; fileRef = A1BF9C431E8B2172007341EA /* UserState.swift */; };
		A1BF9C461E8B22B2007341EA /* GetCurrentUser.swift in Sources */ = {isa = PBXBuildFile; fileRef = A1BF9C451E8B22B2007341EA /* GetCurrentUser.swift */; };
		A1CD9A0A1E89C26200D3C8F7 /* TeamState.swift in Sources */ = {isa = PBXBuildFile; fileRef = A1CD9A091E89C26200D3C8F7 /* TeamState.swift */; };
		A1CD9A0E1E89D05E00D3C8F7 /* Keys.swift in Sources */ = {isa = PBXBuildFile; fileRef = A1CD9A0D1E89D05E00D3C8F7 /* Keys.swift */; };
		A1CD9A101E8A9ABC00D3C8F7 /* SeasonState.swift in Sources */ = {isa = PBXBuildFile; fileRef = A1CD9A0F1E8A9ABC00D3C8F7 /* SeasonState.swift */; };
		A1CD9A121E8A9C2400D3C8F7 /* AtBatState.swift in Sources */ = {isa = PBXBuildFile; fileRef = A1CD9A111E8A9C2400D3C8F7 /* AtBatState.swift */; };
		A1CD9A141E8A9C6000D3C8F7 /* PlayerState.swift in Sources */ = {isa = PBXBuildFile; fileRef = A1CD9A131E8A9C6000D3C8F7 /* PlayerState.swift */; };
		A1CD9A171E8AA2F000D3C8F7 /* UsernameViewController.storyboard in Resources */ = {isa = PBXBuildFile; fileRef = A1CD9A151E8AA2F000D3C8F7 /* UsernameViewController.storyboard */; };
		A1CD9A191E8AA83D00D3C8F7 /* NewUserState.swift in Sources */ = {isa = PBXBuildFile; fileRef = A1CD9A181E8AA83D00D3C8F7 /* NewUserState.swift */; };
		A1CD9A1B1E8AACAB00D3C8F7 /* CheckUsernameAvailability.swift in Sources */ = {isa = PBXBuildFile; fileRef = A1CD9A1A1E8AACAB00D3C8F7 /* CheckUsernameAvailability.swift */; };
		A1CD9A1E1E8ABBBC00D3C8F7 /* Arrays.swift in Sources */ = {isa = PBXBuildFile; fileRef = A179997F1E82B95E0058A002 /* Arrays.swift */; };
		A1D67D381E8F081A00200B65 /* TeamActionSectionController.swift in Sources */ = {isa = PBXBuildFile; fileRef = A1D67D371E8F081A00200B65 /* TeamActionSectionController.swift */; };
		A1D67D3A1E8F23DE00200B65 /* ManageTeamsViewController.swift in Sources */ = {isa = PBXBuildFile; fileRef = A1D67D391E8F23DE00200B65 /* ManageTeamsViewController.swift */; };
		A1D67D3D1E8F244000200B65 /* ManageTeamsViewController.storyboard in Resources */ = {isa = PBXBuildFile; fileRef = A1D67D3B1E8F244000200B65 /* ManageTeamsViewController.storyboard */; };
		A1D67D3F1E8F253F00200B65 /* BasicTeamCell.swift in Sources */ = {isa = PBXBuildFile; fileRef = A1D67D3E1E8F253F00200B65 /* BasicTeamCell.swift */; };
		A1D67D411E8FE24C00200B65 /* BasicHeaderCell.swift in Sources */ = {isa = PBXBuildFile; fileRef = A1D67D401E8FE24C00200B65 /* BasicHeaderCell.swift */; };
		A1D67D431E8FE3A000200B65 /* Appearance.swift in Sources */ = {isa = PBXBuildFile; fileRef = A1D67D421E8FE3A000200B65 /* Appearance.swift */; };
		A1D67D461E8FE8B100200B65 /* Main.storyboard in Resources */ = {isa = PBXBuildFile; fileRef = A1D67D441E8FE8B100200B65 /* Main.storyboard */; };
		A1D67D481E8FE8BF00200B65 /* MainViewController.swift in Sources */ = {isa = PBXBuildFile; fileRef = A1D67D471E8FE8BF00200B65 /* MainViewController.swift */; };
		A1D67D4A1E8FE8EE00200B65 /* LoadingImageViewController.swift in Sources */ = {isa = PBXBuildFile; fileRef = A1D67D491E8FE8EE00200B65 /* LoadingImageViewController.swift */; };
		A1D67D4D1E8FE8FC00200B65 /* LoadingImageViewController.storyboard in Resources */ = {isa = PBXBuildFile; fileRef = A1D67D4B1E8FE8FC00200B65 /* LoadingImageViewController.storyboard */; };
		A1D67D4F1E8FE9E700200B65 /* SubscribeToReachability.swift in Sources */ = {isa = PBXBuildFile; fileRef = A1D67D4E1E8FE9E700200B65 /* SubscribeToReachability.swift */; };
		A1D67D521E9097C600200B65 /* SettingsViewController.storyboard in Resources */ = {isa = PBXBuildFile; fileRef = A1D67D501E9097C600200B65 /* SettingsViewController.storyboard */; };
		A1D67D541E9097E100200B65 /* SettingsViewController.swift in Sources */ = {isa = PBXBuildFile; fileRef = A1D67D531E9097E100200B65 /* SettingsViewController.swift */; };
		A1D67D571E92872A00200B65 /* BasicCell.xib in Resources */ = {isa = PBXBuildFile; fileRef = A1D67D551E92872A00200B65 /* BasicCell.xib */; };
		A1D67D5A1E928A0D00200B65 /* BasicHeaderCell.xib in Resources */ = {isa = PBXBuildFile; fileRef = A1D67D581E928A0C00200B65 /* BasicHeaderCell.xib */; };
		A1D8054C1E89870B0072AA49 /* UsernameViewController.swift in Sources */ = {isa = PBXBuildFile; fileRef = A1D8054B1E89870B0072AA49 /* UsernameViewController.swift */; };
		A1DC99D31E7E3E4500C6FF8C /* AppDelegate.swift in Sources */ = {isa = PBXBuildFile; fileRef = A1DC99D21E7E3E4500C6FF8C /* AppDelegate.swift */; };
		A1DC99DA1E7E3E4500C6FF8C /* Assets.xcassets in Resources */ = {isa = PBXBuildFile; fileRef = A1DC99D91E7E3E4500C6FF8C /* Assets.xcassets */; };
		A1F959341E8953440087B040 /* Season.swift in Sources */ = {isa = PBXBuildFile; fileRef = A1F959331E8953440087B040 /* Season.swift */; };
		A1F959391E8959C60087B040 /* LemonMilk.otf in Resources */ = {isa = PBXBuildFile; fileRef = A1F959381E8959C60087B040 /* LemonMilk.otf */; };
		E550D9575E4FFE68382F160D /* Pods_Stats.framework in Frameworks */ = {isa = PBXBuildFile; fileRef = 097AB2DA5C7A85576113EB29 /* Pods_Stats.framework */; };
/* End PBXBuildFile section */

/* Begin PBXFileReference section */
		097AB2DA5C7A85576113EB29 /* Pods_Stats.framework */ = {isa = PBXFileReference; explicitFileType = wrapper.framework; includeInIndex = 0; path = Pods_Stats.framework; sourceTree = BUILT_PRODUCTS_DIR; };
		23340C3D14A1D9E6B1878846 /* Pods-Stats.debug.xcconfig */ = {isa = PBXFileReference; includeInIndex = 1; lastKnownFileType = text.xcconfig; name = "Pods-Stats.debug.xcconfig"; path = "Pods/Target Support Files/Pods-Stats/Pods-Stats.debug.xcconfig"; sourceTree = "<group>"; };
		3EB00BD85F52BB91F956360D /* Pods-Stats.release.xcconfig */ = {isa = PBXFileReference; includeInIndex = 1; lastKnownFileType = text.xcconfig; name = "Pods-Stats.release.xcconfig"; path = "Pods/Target Support Files/Pods-Stats/Pods-Stats.release.xcconfig"; sourceTree = "<group>"; };
		A131CC8D1E8EEE6600A5D66B /* SubscribeToCurrentUser.swift */ = {isa = PBXFileReference; fileEncoding = 4; lastKnownFileType = sourcecode.swift; path = SubscribeToCurrentUser.swift; sourceTree = "<group>"; };
		A14B64DE1E8D3EC200CBDE92 /* UIViewControllerExtensions.swift */ = {isa = PBXFileReference; fileEncoding = 4; lastKnownFileType = sourcecode.swift; path = UIViewControllerExtensions.swift; sourceTree = "<group>"; };
		A14B64E01E8D429800CBDE92 /* StockPhotosViewController.swift */ = {isa = PBXFileReference; fileEncoding = 4; lastKnownFileType = sourcecode.swift; path = StockPhotosViewController.swift; sourceTree = "<group>"; };
		A14B64E31E8D42B000CBDE92 /* Base */ = {isa = PBXFileReference; lastKnownFileType = file.storyboard; name = Base; path = StockPhotosViewController.storyboard; sourceTree = "<group>"; };
		A14B64E51E8D647B00CBDE92 /* AddTeamViewController.swift */ = {isa = PBXFileReference; fileEncoding = 4; lastKnownFileType = sourcecode.swift; path = AddTeamViewController.swift; sourceTree = "<group>"; };
		A14B64E81E8D64A900CBDE92 /* Base */ = {isa = PBXFileReference; lastKnownFileType = file.storyboard; name = Base; path = AddTeamViewController.storyboard; sourceTree = "<group>"; };
		A14B64EB1E8D65C500CBDE92 /* Base */ = {isa = PBXFileReference; lastKnownFileType = file.storyboard; name = Base; path = TeamCreationViewController.storyboard; sourceTree = "<group>"; };
		A14B64ED1E8D662900CBDE92 /* TeamCreationViewController.swift */ = {isa = PBXFileReference; fileEncoding = 4; lastKnownFileType = sourcecode.swift; path = TeamCreationViewController.swift; sourceTree = "<group>"; };
		A14B64EF1E8D67A100CBDE92 /* SaveTeam.swift */ = {isa = PBXFileReference; fileEncoding = 4; lastKnownFileType = sourcecode.swift; path = SaveTeam.swift; sourceTree = "<group>"; };
		A14B64F11E8D696800CBDE92 /* AddTeamToUser.swift */ = {isa = PBXFileReference; fileEncoding = 4; lastKnownFileType = sourcecode.swift; path = AddTeamToUser.swift; sourceTree = "<group>"; };
		A14B64F31E8E04CA00CBDE92 /* GetUserTeams.swift */ = {isa = PBXFileReference; fileEncoding = 4; lastKnownFileType = sourcecode.swift; path = GetUserTeams.swift; sourceTree = "<group>"; };
		A14B64F51E8E0E5400CBDE92 /* FirebaseNetworkAccess.swift */ = {isa = PBXFileReference; fileEncoding = 4; lastKnownFileType = sourcecode.swift; path = FirebaseNetworkAccess.swift; sourceTree = "<group>"; };
		A14B64F71E8E9D2300CBDE92 /* GoogleService-Info.plist */ = {isa = PBXFileReference; fileEncoding = 4; lastKnownFileType = text.plist.xml; path = "GoogleService-Info.plist"; sourceTree = "<group>"; };
		A14B64F91E8EB95600CBDE92 /* Firebase+St@ts.swift */ = {isa = PBXFileReference; fileEncoding = 4; lastKnownFileType = sourcecode.swift; path = "Firebase+St@ts.swift"; sourceTree = "<group>"; };
		A14B64FB1E8EB99B00CBDE92 /* Identifiable.swift */ = {isa = PBXFileReference; fileEncoding = 4; lastKnownFileType = sourcecode.swift; path = Identifiable.swift; sourceTree = "<group>"; };
		A16D416C1E97364300DE01D4 /* DeleteTeam.swift */ = {isa = PBXFileReference; fileEncoding = 4; lastKnownFileType = sourcecode.swift; path = DeleteTeam.swift; sourceTree = "<group>"; };
		A179996D1E82B64A0058A002 /* User.swift */ = {isa = PBXFileReference; fileEncoding = 4; lastKnownFileType = sourcecode.swift; path = User.swift; sourceTree = "<group>"; };
		A179996F1E82B67C0058A002 /* LoadICloudUser.swift */ = {isa = PBXFileReference; fileEncoding = 4; lastKnownFileType = sourcecode.swift; path = LoadICloudUser.swift; sourceTree = "<group>"; };
		A17999711E82B6930058A002 /* SaveNewUser.swift */ = {isa = PBXFileReference; fileEncoding = 4; lastKnownFileType = sourcecode.swift; path = SaveNewUser.swift; sourceTree = "<group>"; };
		A179997C1E82B8BD0058A002 /* NSDate+ValueType.swift */ = {isa = PBXFileReference; fileEncoding = 4; lastKnownFileType = sourcecode.swift; path = "NSDate+ValueType.swift"; sourceTree = "<group>"; };
		A179997F1E82B95E0058A002 /* Arrays.swift */ = {isa = PBXFileReference; fileEncoding = 4; lastKnownFileType = sourcecode.swift; path = Arrays.swift; sourceTree = "<group>"; };
		A17999811E82B9780058A002 /* DateHelper.swift */ = {isa = PBXFileReference; fileEncoding = 4; lastKnownFileType = sourcecode.swift; path = DateHelper.swift; sourceTree = "<group>"; };
		A17999831E82B9860058A002 /* SegueHandlerType.swift */ = {isa = PBXFileReference; fileEncoding = 4; lastKnownFileType = sourcecode.swift; path = SegueHandlerType.swift; sourceTree = "<group>"; };
		A17999851E82B98E0058A002 /* StoryboardInitializable.swift */ = {isa = PBXFileReference; fileEncoding = 4; lastKnownFileType = sourcecode.swift; path = StoryboardInitializable.swift; sourceTree = "<group>"; };
		A17999871E82B9A60058A002 /* UIColorExtension.swift */ = {isa = PBXFileReference; fileEncoding = 4; lastKnownFileType = sourcecode.swift; path = UIColorExtension.swift; sourceTree = "<group>"; };
		A179998B1E82D1DA0058A002 /* Stats.entitlements */ = {isa = PBXFileReference; lastKnownFileType = text.plist.entitlements; path = Stats.entitlements; sourceTree = "<group>"; };
		A179998C1E82D1E60058A002 /* CloudKit.framework */ = {isa = PBXFileReference; lastKnownFileType = wrapper.framework; name = CloudKit.framework; path = System/Library/Frameworks/CloudKit.framework; sourceTree = SDKROOT; };
		A179998E1E82DF300058A002 /* HomeCollectionViewCell.swift */ = {isa = PBXFileReference; fileEncoding = 4; lastKnownFileType = sourcecode.swift; path = HomeCollectionViewCell.swift; sourceTree = "<group>"; };
		A179998F1E82DF300058A002 /* HomeMenuItem.swift */ = {isa = PBXFileReference; fileEncoding = 4; lastKnownFileType = sourcecode.swift; path = HomeMenuItem.swift; sourceTree = "<group>"; };
		A17999901E82DF300058A002 /* HomeViewController.swift */ = {isa = PBXFileReference; fileEncoding = 4; lastKnownFileType = sourcecode.swift; path = HomeViewController.swift; sourceTree = "<group>"; };
		A17999961E82DFF00058A002 /* Base */ = {isa = PBXFileReference; lastKnownFileType = file.storyboard; name = Base; path = LaunchScreen.storyboard; sourceTree = "<group>"; };
		A17999991E82DFFF0058A002 /* Base */ = {isa = PBXFileReference; lastKnownFileType = file.storyboard; name = Base; path = HomeViewController.storyboard; sourceTree = "<group>"; };
		A17EF6BB1E930D3100DEE4ED /* Base */ = {isa = PBXFileReference; lastKnownFileType = file.storyboard; name = Base; path = TeamSwitcherViewController.storyboard; sourceTree = "<group>"; };
		A17EF6BD1E931A0300DEE4ED /* TeamSwitcherViewController.swift */ = {isa = PBXFileReference; fileEncoding = 4; lastKnownFileType = sourcecode.swift; path = TeamSwitcherViewController.swift; sourceTree = "<group>"; };
		A17EF6BF1E93256000DEE4ED /* TouchObject.swift */ = {isa = PBXFileReference; fileEncoding = 4; lastKnownFileType = sourcecode.swift; path = TouchObject.swift; sourceTree = "<group>"; };
		A17EF6C31E93E8D200DEE4ED /* NewTeamState.swift */ = {isa = PBXFileReference; fileEncoding = 4; lastKnownFileType = sourcecode.swift; path = NewTeamState.swift; sourceTree = "<group>"; };
		A17EF6C51E93EDEC00DEE4ED /* UploadToStorage.swift */ = {isa = PBXFileReference; fileEncoding = 4; lastKnownFileType = sourcecode.swift; path = UploadToStorage.swift; sourceTree = "<group>"; };
		A17EF6C71E93FC6D00DEE4ED /* CreateSeason.swift */ = {isa = PBXFileReference; fileEncoding = 4; lastKnownFileType = sourcecode.swift; path = CreateSeason.swift; sourceTree = "<group>"; };
		A17EF6C91E94040D00DEE4ED /* DeleteObject.swift */ = {isa = PBXFileReference; fileEncoding = 4; lastKnownFileType = sourcecode.swift; path = DeleteObject.swift; sourceTree = "<group>"; };
		A17EF6CB1E94044E00DEE4ED /* UpdateObject.swift */ = {isa = PBXFileReference; fileEncoding = 4; lastKnownFileType = sourcecode.swift; path = UpdateObject.swift; sourceTree = "<group>"; };
		A17EF6CD1E94148300DEE4ED /* SubscribeToObject.swift */ = {isa = PBXFileReference; fileEncoding = 4; lastKnownFileType = sourcecode.swift; path = SubscribeToObject.swift; sourceTree = "<group>"; };
		A17EF6CF1E941D8700DEE4ED /* SubscribeToTeam.swift */ = {isa = PBXFileReference; fileEncoding = 4; lastKnownFileType = sourcecode.swift; path = SubscribeToTeam.swift; sourceTree = "<group>"; };
		A17EF6D81E954A6500DEE4ED /* DeleteImage.swift */ = {isa = PBXFileReference; fileEncoding = 4; lastKnownFileType = sourcecode.swift; path = DeleteImage.swift; sourceTree = "<group>"; };
		A1868F9C1E802DDD00C191EC /* Result.swift */ = {isa = PBXFileReference; fileEncoding = 4; lastKnownFileType = sourcecode.swift; path = Result.swift; sourceTree = "<group>"; };
		A1868F9E1E802E1600C191EC /* AppState.swift */ = {isa = PBXFileReference; fileEncoding = 4; lastKnownFileType = sourcecode.swift; path = AppState.swift; sourceTree = "<group>"; };
		A1868FA11E802F5C00C191EC /* Reactor.swift */ = {isa = PBXFileReference; fileEncoding = 4; lastKnownFileType = sourcecode.swift; path = Reactor.swift; sourceTree = "<group>"; };
		A1A2C35B1E8BF2FB0008274F /* AvatarViewController.swift */ = {isa = PBXFileReference; fileEncoding = 4; lastKnownFileType = sourcecode.swift; path = AvatarViewController.swift; sourceTree = "<group>"; };
		A1A2C35D1E8BF3680008274F /* Component.swift */ = {isa = PBXFileReference; fileEncoding = 4; lastKnownFileType = sourcecode.swift; path = Component.swift; sourceTree = "<group>"; };
		A1A2C3611E8BF6020008274F /* TeamHeaderCell.swift */ = {isa = PBXFileReference; fileEncoding = 4; lastKnownFileType = sourcecode.swift; path = TeamHeaderCell.swift; sourceTree = "<group>"; };
		A1A2C3621E8BF6020008274F /* TeamHeaderCell.xib */ = {isa = PBXFileReference; fileEncoding = 4; lastKnownFileType = file.xib; path = TeamHeaderCell.xib; sourceTree = "<group>"; };
		A1A2C3681E8C05150008274F /* TeamHeaderSectionController.swift */ = {isa = PBXFileReference; fileEncoding = 4; lastKnownFileType = sourcecode.swift; path = TeamHeaderSectionController.swift; sourceTree = "<group>"; };
		A1A2C36E1E8C0F4C0008274F /* Base */ = {isa = PBXFileReference; lastKnownFileType = file.storyboard; name = Base; path = AvatarViewController.storyboard; sourceTree = "<group>"; };
		A1A2C3711E8C11F30008274F /* Base */ = {isa = PBXFileReference; lastKnownFileType = file.storyboard; name = Base; path = EmailViewController.storyboard; sourceTree = "<group>"; };
		A1A2C3731E8C12080008274F /* EmailViewController.swift */ = {isa = PBXFileReference; fileEncoding = 4; lastKnownFileType = sourcecode.swift; path = EmailViewController.swift; sourceTree = "<group>"; };
		A1B41C231E85A4B300FAC930 /* Team.swift */ = {isa = PBXFileReference; fileEncoding = 4; lastKnownFileType = sourcecode.swift; path = Team.swift; sourceTree = "<group>"; };
		A1B41C251E85A4C400FAC930 /* Player.swift */ = {isa = PBXFileReference; fileEncoding = 4; lastKnownFileType = sourcecode.swift; path = Player.swift; sourceTree = "<group>"; };
		A1B41C271E85A4CD00FAC930 /* Game.swift */ = {isa = PBXFileReference; fileEncoding = 4; lastKnownFileType = sourcecode.swift; path = Game.swift; sourceTree = "<group>"; };
		A1B41C291E85A4E300FAC930 /* AtBat.swift */ = {isa = PBXFileReference; fileEncoding = 4; lastKnownFileType = sourcecode.swift; path = AtBat.swift; sourceTree = "<group>"; };
		A1BF9C431E8B2172007341EA /* UserState.swift */ = {isa = PBXFileReference; fileEncoding = 4; lastKnownFileType = sourcecode.swift; path = UserState.swift; sourceTree = "<group>"; };
		A1BF9C451E8B22B2007341EA /* GetCurrentUser.swift */ = {isa = PBXFileReference; fileEncoding = 4; lastKnownFileType = sourcecode.swift; path = GetCurrentUser.swift; sourceTree = "<group>"; };
		A1CD9A091E89C26200D3C8F7 /* TeamState.swift */ = {isa = PBXFileReference; fileEncoding = 4; lastKnownFileType = sourcecode.swift; path = TeamState.swift; sourceTree = "<group>"; };
		A1CD9A0B1E89C30400D3C8F7 /* GameState.swift */ = {isa = PBXFileReference; fileEncoding = 4; lastKnownFileType = sourcecode.swift; path = GameState.swift; sourceTree = "<group>"; };
		A1CD9A0D1E89D05E00D3C8F7 /* Keys.swift */ = {isa = PBXFileReference; fileEncoding = 4; lastKnownFileType = sourcecode.swift; path = Keys.swift; sourceTree = "<group>"; };
		A1CD9A0F1E8A9ABC00D3C8F7 /* SeasonState.swift */ = {isa = PBXFileReference; fileEncoding = 4; lastKnownFileType = sourcecode.swift; path = SeasonState.swift; sourceTree = "<group>"; };
		A1CD9A111E8A9C2400D3C8F7 /* AtBatState.swift */ = {isa = PBXFileReference; fileEncoding = 4; lastKnownFileType = sourcecode.swift; path = AtBatState.swift; sourceTree = "<group>"; };
		A1CD9A131E8A9C6000D3C8F7 /* PlayerState.swift */ = {isa = PBXFileReference; fileEncoding = 4; lastKnownFileType = sourcecode.swift; path = PlayerState.swift; sourceTree = "<group>"; };
		A1CD9A161E8AA2F000D3C8F7 /* Base */ = {isa = PBXFileReference; lastKnownFileType = file.storyboard; name = Base; path = UsernameViewController.storyboard; sourceTree = "<group>"; };
		A1CD9A181E8AA83D00D3C8F7 /* NewUserState.swift */ = {isa = PBXFileReference; fileEncoding = 4; lastKnownFileType = sourcecode.swift; path = NewUserState.swift; sourceTree = "<group>"; };
		A1CD9A1A1E8AACAB00D3C8F7 /* CheckUsernameAvailability.swift */ = {isa = PBXFileReference; fileEncoding = 4; lastKnownFileType = sourcecode.swift; path = CheckUsernameAvailability.swift; sourceTree = "<group>"; };
		A1D67D371E8F081A00200B65 /* TeamActionSectionController.swift */ = {isa = PBXFileReference; fileEncoding = 4; lastKnownFileType = sourcecode.swift; path = TeamActionSectionController.swift; sourceTree = "<group>"; };
		A1D67D391E8F23DE00200B65 /* ManageTeamsViewController.swift */ = {isa = PBXFileReference; fileEncoding = 4; lastKnownFileType = sourcecode.swift; path = ManageTeamsViewController.swift; sourceTree = "<group>"; };
		A1D67D3C1E8F244000200B65 /* Base */ = {isa = PBXFileReference; lastKnownFileType = file.storyboard; name = Base; path = ManageTeamsViewController.storyboard; sourceTree = "<group>"; };
		A1D67D3E1E8F253F00200B65 /* BasicTeamCell.swift */ = {isa = PBXFileReference; fileEncoding = 4; lastKnownFileType = sourcecode.swift; path = BasicTeamCell.swift; sourceTree = "<group>"; };
		A1D67D401E8FE24C00200B65 /* BasicHeaderCell.swift */ = {isa = PBXFileReference; fileEncoding = 4; lastKnownFileType = sourcecode.swift; path = BasicHeaderCell.swift; sourceTree = "<group>"; };
		A1D67D421E8FE3A000200B65 /* Appearance.swift */ = {isa = PBXFileReference; fileEncoding = 4; lastKnownFileType = sourcecode.swift; path = Appearance.swift; sourceTree = "<group>"; };
		A1D67D451E8FE8B100200B65 /* Base */ = {isa = PBXFileReference; lastKnownFileType = file.storyboard; name = Base; path = Main.storyboard; sourceTree = "<group>"; };
		A1D67D471E8FE8BF00200B65 /* MainViewController.swift */ = {isa = PBXFileReference; fileEncoding = 4; lastKnownFileType = sourcecode.swift; path = MainViewController.swift; sourceTree = "<group>"; };
		A1D67D491E8FE8EE00200B65 /* LoadingImageViewController.swift */ = {isa = PBXFileReference; fileEncoding = 4; lastKnownFileType = sourcecode.swift; path = LoadingImageViewController.swift; sourceTree = "<group>"; };
		A1D67D4C1E8FE8FC00200B65 /* Base */ = {isa = PBXFileReference; lastKnownFileType = file.storyboard; name = Base; path = LoadingImageViewController.storyboard; sourceTree = "<group>"; };
		A1D67D4E1E8FE9E700200B65 /* SubscribeToReachability.swift */ = {isa = PBXFileReference; fileEncoding = 4; lastKnownFileType = sourcecode.swift; path = SubscribeToReachability.swift; sourceTree = "<group>"; };
		A1D67D511E9097C600200B65 /* Base */ = {isa = PBXFileReference; lastKnownFileType = file.storyboard; name = Base; path = SettingsViewController.storyboard; sourceTree = "<group>"; };
		A1D67D531E9097E100200B65 /* SettingsViewController.swift */ = {isa = PBXFileReference; fileEncoding = 4; lastKnownFileType = sourcecode.swift; path = SettingsViewController.swift; sourceTree = "<group>"; };
		A1D67D561E92872A00200B65 /* Base */ = {isa = PBXFileReference; lastKnownFileType = file.xib; name = Base; path = BasicCell.xib; sourceTree = "<group>"; };
		A1D67D591E928A0D00200B65 /* Base */ = {isa = PBXFileReference; lastKnownFileType = file.xib; name = Base; path = BasicHeaderCell.xib; sourceTree = "<group>"; };
		A1D8054B1E89870B0072AA49 /* UsernameViewController.swift */ = {isa = PBXFileReference; fileEncoding = 4; lastKnownFileType = sourcecode.swift; path = UsernameViewController.swift; sourceTree = "<group>"; };
		A1DC99CF1E7E3E4500C6FF8C /* Stats.app */ = {isa = PBXFileReference; explicitFileType = wrapper.application; includeInIndex = 0; path = Stats.app; sourceTree = BUILT_PRODUCTS_DIR; };
		A1DC99D21E7E3E4500C6FF8C /* AppDelegate.swift */ = {isa = PBXFileReference; lastKnownFileType = sourcecode.swift; path = AppDelegate.swift; sourceTree = "<group>"; };
		A1DC99D91E7E3E4500C6FF8C /* Assets.xcassets */ = {isa = PBXFileReference; lastKnownFileType = folder.assetcatalog; path = Assets.xcassets; sourceTree = "<group>"; };
		A1DC99DE1E7E3E4500C6FF8C /* Info.plist */ = {isa = PBXFileReference; lastKnownFileType = text.plist.xml; path = Info.plist; sourceTree = "<group>"; };
		A1F959331E8953440087B040 /* Season.swift */ = {isa = PBXFileReference; fileEncoding = 4; lastKnownFileType = sourcecode.swift; path = Season.swift; sourceTree = "<group>"; };
		A1F959381E8959C60087B040 /* LemonMilk.otf */ = {isa = PBXFileReference; lastKnownFileType = file; path = LemonMilk.otf; sourceTree = "<group>"; };
/* End PBXFileReference section */

/* Begin PBXFrameworksBuildPhase section */
		A1DC99CC1E7E3E4500C6FF8C /* Frameworks */ = {
			isa = PBXFrameworksBuildPhase;
			buildActionMask = 2147483647;
			files = (
				E550D9575E4FFE68382F160D /* Pods_Stats.framework in Frameworks */,
				A179998D1E82D1E60058A002 /* CloudKit.framework in Frameworks */,
			);
			runOnlyForDeploymentPostprocessing = 0;
		};
/* End PBXFrameworksBuildPhase section */

/* Begin PBXGroup section */
		10C38998BAC1E2464D4F755B /* Pods */ = {
			isa = PBXGroup;
			children = (
				23340C3D14A1D9E6B1878846 /* Pods-Stats.debug.xcconfig */,
				3EB00BD85F52BB91F956360D /* Pods-Stats.release.xcconfig */,
			);
			name = Pods;
			sourceTree = "<group>";
		};
		A17999771E82B7210058A002 /* Commands */ = {
			isa = PBXGroup;
			children = (
				A14B64F11E8D696800CBDE92 /* AddTeamToUser.swift */,
				A1CD9A1A1E8AACAB00D3C8F7 /* CheckUsernameAvailability.swift */,
				A17EF6C71E93FC6D00DEE4ED /* CreateSeason.swift */,
				A17EF6D81E954A6500DEE4ED /* DeleteImage.swift */,
				A17EF6C91E94040D00DEE4ED /* DeleteObject.swift */,
				A1BF9C451E8B22B2007341EA /* GetCurrentUser.swift */,
				A14B64F31E8E04CA00CBDE92 /* GetUserTeams.swift */,
				A179996F1E82B67C0058A002 /* LoadICloudUser.swift */,
				A17999711E82B6930058A002 /* SaveNewUser.swift */,
				A14B64EF1E8D67A100CBDE92 /* SaveTeam.swift */,
				A131CC8D1E8EEE6600A5D66B /* SubscribeToCurrentUser.swift */,
				A17EF6CD1E94148300DEE4ED /* SubscribeToObject.swift */,
				A1D67D4E1E8FE9E700200B65 /* SubscribeToReachability.swift */,
				A17EF6CF1E941D8700DEE4ED /* SubscribeToTeam.swift */,
				A17EF6BF1E93256000DEE4ED /* TouchObject.swift */,
				A17EF6CB1E94044E00DEE4ED /* UpdateObject.swift */,
				A17EF6C51E93EDEC00DEE4ED /* UploadToStorage.swift */,
				A16D416C1E97364300DE01D4 /* DeleteTeam.swift */,
			);
			name = Commands;
			sourceTree = "<group>";
		};
		A179997A1E82B77B0058A002 /* Middleware */ = {
			isa = PBXGroup;
			children = (
			);
			name = Middleware;
			sourceTree = "<group>";
		};
		A179997B1E82B8260058A002 /* Model */ = {
			isa = PBXGroup;
			children = (
				A1B41C291E85A4E300FAC930 /* AtBat.swift */,
				A1B41C271E85A4CD00FAC930 /* Game.swift */,
				A1B41C251E85A4C400FAC930 /* Player.swift */,
				A1F959331E8953440087B040 /* Season.swift */,
				A1B41C231E85A4B300FAC930 /* Team.swift */,
				A179996D1E82B64A0058A002 /* User.swift */,
			);
			name = Model;
			sourceTree = "<group>";
		};
		A179997E1E82B9540058A002 /* Helpers */ = {
			isa = PBXGroup;
			children = (
				A1D67D421E8FE3A000200B65 /* Appearance.swift */,
				A179997F1E82B95E0058A002 /* Arrays.swift */,
				A1A2C35D1E8BF3680008274F /* Component.swift */,
				A17999811E82B9780058A002 /* DateHelper.swift */,
				A1CD9A0D1E89D05E00D3C8F7 /* Keys.swift */,
				A179997C1E82B8BD0058A002 /* NSDate+ValueType.swift */,
				A17999831E82B9860058A002 /* SegueHandlerType.swift */,
				A17999851E82B98E0058A002 /* StoryboardInitializable.swift */,
				A17999871E82B9A60058A002 /* UIColorExtension.swift */,
				A14B64DE1E8D3EC200CBDE92 /* UIViewControllerExtensions.swift */,
			);
			name = Helpers;
			sourceTree = "<group>";
		};
		A17999941E82DFF00058A002 /* Base.lproj */ = {
			isa = PBXGroup;
			children = (
				A14B64E71E8D64A900CBDE92 /* AddTeamViewController.storyboard */,
				A1A2C36D1E8C0F4C0008274F /* AvatarViewController.storyboard */,
				A1D67D551E92872A00200B65 /* BasicCell.xib */,
				A1D67D581E928A0C00200B65 /* BasicHeaderCell.xib */,
				A14B64EA1E8D65C500CBDE92 /* TeamCreationViewController.storyboard */,
				A1A2C3701E8C11F30008274F /* EmailViewController.storyboard */,
				A17999981E82DFFF0058A002 /* HomeViewController.storyboard */,
				A17999951E82DFF00058A002 /* LaunchScreen.storyboard */,
				A1D67D4B1E8FE8FC00200B65 /* LoadingImageViewController.storyboard */,
				A1D67D441E8FE8B100200B65 /* Main.storyboard */,
				A1D67D3B1E8F244000200B65 /* ManageTeamsViewController.storyboard */,
				A1D67D501E9097C600200B65 /* SettingsViewController.storyboard */,
				A14B64E21E8D42B000CBDE92 /* StockPhotosViewController.storyboard */,
				A1A2C3621E8BF6020008274F /* TeamHeaderCell.xib */,
				A17EF6BA1E930D3100DEE4ED /* TeamSwitcherViewController.storyboard */,
				A1CD9A151E8AA2F000D3C8F7 /* UsernameViewController.storyboard */,
			);
			path = Base.lproj;
			sourceTree = "<group>";
		};
		A1868F971E802C1900C191EC /* UI */ = {
			isa = PBXGroup;
			children = (
				A14B64E51E8D647B00CBDE92 /* AddTeamViewController.swift */,
				A1A2C35B1E8BF2FB0008274F /* AvatarViewController.swift */,
				A1D67D401E8FE24C00200B65 /* BasicHeaderCell.swift */,
				A1D67D3E1E8F253F00200B65 /* BasicTeamCell.swift */,
				A1A2C3731E8C12080008274F /* EmailViewController.swift */,
				A179998E1E82DF300058A002 /* HomeCollectionViewCell.swift */,
				A179998F1E82DF300058A002 /* HomeMenuItem.swift */,
				A17999901E82DF300058A002 /* HomeViewController.swift */,
				A1D67D491E8FE8EE00200B65 /* LoadingImageViewController.swift */,
				A1D67D471E8FE8BF00200B65 /* MainViewController.swift */,
				A1D67D391E8F23DE00200B65 /* ManageTeamsViewController.swift */,
				A1A2C36A1E8C05190008274F /* SectionControllers */,
				A1D67D531E9097E100200B65 /* SettingsViewController.swift */,
				A14B64E01E8D429800CBDE92 /* StockPhotosViewController.swift */,
				A14B64ED1E8D662900CBDE92 /* TeamCreationViewController.swift */,
				A1A2C3611E8BF6020008274F /* TeamHeaderCell.swift */,
				A17EF6BD1E931A0300DEE4ED /* TeamSwitcherViewController.swift */,
				A1D8054B1E89870B0072AA49 /* UsernameViewController.swift */,
			);
			name = UI;
			sourceTree = "<group>";
		};
		A1868F981E802C1F00C191EC /* Misc */ = {
			isa = PBXGroup;
			children = (
				A14B64F71E8E9D2300CBDE92 /* GoogleService-Info.plist */,
				A1DC99D91E7E3E4500C6FF8C /* Assets.xcassets */,
				A1F959381E8959C60087B040 /* LemonMilk.otf */,
				A1DC99DE1E7E3E4500C6FF8C /* Info.plist */,
			);
			name = Misc;
			sourceTree = "<group>";
		};
		A1868F9B1E802C5200C191EC /* Networking */ = {
			isa = PBXGroup;
			children = (
				A14B64F51E8E0E5400CBDE92 /* FirebaseNetworkAccess.swift */,
				A14B64F91E8EB95600CBDE92 /* Firebase+St@ts.swift */,
				A14B64FB1E8EB99B00CBDE92 /* Identifiable.swift */,
				A1868F9C1E802DDD00C191EC /* Result.swift */,
			);
			name = Networking;
			sourceTree = "<group>";
		};
		A1868FA01E802E2500C191EC /* Reactor */ = {
			isa = PBXGroup;
			children = (
				A1868FA11E802F5C00C191EC /* Reactor.swift */,
				A179997A1E82B77B0058A002 /* Middleware */,
				A17999771E82B7210058A002 /* Commands */,
			);
			name = Reactor;
			sourceTree = "<group>";
		};
		A1A2C36A1E8C05190008274F /* SectionControllers */ = {
			isa = PBXGroup;
			children = (
				A1A2C3681E8C05150008274F /* TeamHeaderSectionController.swift */,
				A1D67D371E8F081A00200B65 /* TeamActionSectionController.swift */,
			);
			name = SectionControllers;
			sourceTree = "<group>";
		};
		A1CD9A081E89C25300D3C8F7 /* AppState */ = {
			isa = PBXGroup;
			children = (
				A1868F9E1E802E1600C191EC /* AppState.swift */,
				A1CD9A111E8A9C2400D3C8F7 /* AtBatState.swift */,
				A1CD9A0B1E89C30400D3C8F7 /* GameState.swift */,
				A17EF6C31E93E8D200DEE4ED /* NewTeamState.swift */,
				A1CD9A181E8AA83D00D3C8F7 /* NewUserState.swift */,
				A1CD9A131E8A9C6000D3C8F7 /* PlayerState.swift */,
				A1CD9A0F1E8A9ABC00D3C8F7 /* SeasonState.swift */,
				A1CD9A091E89C26200D3C8F7 /* TeamState.swift */,
				A1BF9C431E8B2172007341EA /* UserState.swift */,
			);
			name = AppState;
			sourceTree = "<group>";
		};
		A1DC99C61E7E3E4500C6FF8C = {
			isa = PBXGroup;
			children = (
				A1DC99D11E7E3E4500C6FF8C /* Stats */,
				A1DC99D01E7E3E4500C6FF8C /* Products */,
				10C38998BAC1E2464D4F755B /* Pods */,
				F0C11ABFFB339435C2FA8DA3 /* Frameworks */,
			);
			sourceTree = "<group>";
		};
		A1DC99D01E7E3E4500C6FF8C /* Products */ = {
			isa = PBXGroup;
			children = (
				A1DC99CF1E7E3E4500C6FF8C /* Stats.app */,
			);
			name = Products;
			sourceTree = "<group>";
		};
		A1DC99D11E7E3E4500C6FF8C /* Stats */ = {
			isa = PBXGroup;
			children = (
				A179998B1E82D1DA0058A002 /* Stats.entitlements */,
				A1DC99D21E7E3E4500C6FF8C /* AppDelegate.swift */,
				A1CD9A081E89C25300D3C8F7 /* AppState */,
				A17999941E82DFF00058A002 /* Base.lproj */,
				A179997E1E82B9540058A002 /* Helpers */,
				A1868F981E802C1F00C191EC /* Misc */,
				A1868F9B1E802C5200C191EC /* Networking */,
				A179997B1E82B8260058A002 /* Model */,
				A1868FA01E802E2500C191EC /* Reactor */,
				A1868F971E802C1900C191EC /* UI */,
			);
			path = Stats;
			sourceTree = "<group>";
		};
		F0C11ABFFB339435C2FA8DA3 /* Frameworks */ = {
			isa = PBXGroup;
			children = (
				A179998C1E82D1E60058A002 /* CloudKit.framework */,
				097AB2DA5C7A85576113EB29 /* Pods_Stats.framework */,
			);
			name = Frameworks;
			sourceTree = "<group>";
		};
/* End PBXGroup section */

/* Begin PBXNativeTarget section */
		A1DC99CE1E7E3E4500C6FF8C /* Stats */ = {
			isa = PBXNativeTarget;
			buildConfigurationList = A1DC99E11E7E3E4500C6FF8C /* Build configuration list for PBXNativeTarget "Stats" */;
			buildPhases = (
				087407568C770CE8026689ED /* [CP] Check Pods Manifest.lock */,
				A1DC99CB1E7E3E4500C6FF8C /* Sources */,
				A1DC99CC1E7E3E4500C6FF8C /* Frameworks */,
				A1DC99CD1E7E3E4500C6FF8C /* Resources */,
				7BA00481D859435D9134BF7A /* [CP] Embed Pods Frameworks */,
				FBE270A4033A18DD893A3BBA /* [CP] Copy Pods Resources */,
			);
			buildRules = (
			);
			dependencies = (
			);
			name = Stats;
			productName = Stats;
			productReference = A1DC99CF1E7E3E4500C6FF8C /* Stats.app */;
			productType = "com.apple.product-type.application";
		};
/* End PBXNativeTarget section */

/* Begin PBXProject section */
		A1DC99C71E7E3E4500C6FF8C /* Project object */ = {
			isa = PBXProject;
			attributes = {
				LastSwiftUpdateCheck = 0820;
				LastUpgradeCheck = 0830;
				ORGANIZATIONNAME = AppsByPJ;
				TargetAttributes = {
					A1DC99CE1E7E3E4500C6FF8C = {
						CreatedOnToolsVersion = 8.2.1;
						DevelopmentTeam = WK6LDT652Z;
						ProvisioningStyle = Automatic;
						SystemCapabilities = {
							com.apple.Push = {
								enabled = 1;
							};
							com.apple.iCloud = {
								enabled = 1;
							};
						};
					};
				};
			};
			buildConfigurationList = A1DC99CA1E7E3E4500C6FF8C /* Build configuration list for PBXProject "Stats" */;
			compatibilityVersion = "Xcode 3.2";
			developmentRegion = English;
			hasScannedForEncodings = 0;
			knownRegions = (
				en,
				Base,
			);
			mainGroup = A1DC99C61E7E3E4500C6FF8C;
			productRefGroup = A1DC99D01E7E3E4500C6FF8C /* Products */;
			projectDirPath = "";
			projectRoot = "";
			targets = (
				A1DC99CE1E7E3E4500C6FF8C /* Stats */,
			);
		};
/* End PBXProject section */

/* Begin PBXResourcesBuildPhase section */
		A1DC99CD1E7E3E4500C6FF8C /* Resources */ = {
			isa = PBXResourcesBuildPhase;
			buildActionMask = 2147483647;
			files = (
				A14B64E91E8D64A900CBDE92 /* AddTeamViewController.storyboard in Resources */,
				A179999A1E82DFFF0058A002 /* HomeViewController.storyboard in Resources */,
				A14B64E41E8D42B000CBDE92 /* StockPhotosViewController.storyboard in Resources */,
				A1CD9A171E8AA2F000D3C8F7 /* UsernameViewController.storyboard in Resources */,
				A1F959391E8959C60087B040 /* LemonMilk.otf in Resources */,
				A14B64EC1E8D65C500CBDE92 /* TeamCreationViewController.storyboard in Resources */,
				A1D67D5A1E928A0D00200B65 /* BasicHeaderCell.xib in Resources */,
				A1D67D571E92872A00200B65 /* BasicCell.xib in Resources */,
				A17EF6BC1E930D3100DEE4ED /* TeamSwitcherViewController.storyboard in Resources */,
				A1A2C3641E8BF6020008274F /* TeamHeaderCell.xib in Resources */,
				A1D67D461E8FE8B100200B65 /* Main.storyboard in Resources */,
				A1D67D521E9097C600200B65 /* SettingsViewController.storyboard in Resources */,
				A14B64F81E8E9D2300CBDE92 /* GoogleService-Info.plist in Resources */,
				A1A2C3721E8C11F30008274F /* EmailViewController.storyboard in Resources */,
				A1D67D3D1E8F244000200B65 /* ManageTeamsViewController.storyboard in Resources */,
				A1D67D4D1E8FE8FC00200B65 /* LoadingImageViewController.storyboard in Resources */,
				A17999971E82DFF00058A002 /* LaunchScreen.storyboard in Resources */,
				A1A2C36F1E8C0F4C0008274F /* AvatarViewController.storyboard in Resources */,
				A1DC99DA1E7E3E4500C6FF8C /* Assets.xcassets in Resources */,
			);
			runOnlyForDeploymentPostprocessing = 0;
		};
/* End PBXResourcesBuildPhase section */

/* Begin PBXShellScriptBuildPhase section */
		087407568C770CE8026689ED /* [CP] Check Pods Manifest.lock */ = {
			isa = PBXShellScriptBuildPhase;
			buildActionMask = 2147483647;
			files = (
			);
			inputPaths = (
			);
			name = "[CP] Check Pods Manifest.lock";
			outputPaths = (
			);
			runOnlyForDeploymentPostprocessing = 0;
			shellPath = /bin/sh;
			shellScript = "diff \"${PODS_ROOT}/../Podfile.lock\" \"${PODS_ROOT}/Manifest.lock\" > /dev/null\nif [ $? != 0 ] ; then\n    # print error to STDERR\n    echo \"error: The sandbox is not in sync with the Podfile.lock. Run 'pod install' or update your CocoaPods installation.\" >&2\n    exit 1\nfi\n";
			showEnvVarsInLog = 0;
		};
		7BA00481D859435D9134BF7A /* [CP] Embed Pods Frameworks */ = {
			isa = PBXShellScriptBuildPhase;
			buildActionMask = 2147483647;
			files = (
			);
			inputPaths = (
			);
			name = "[CP] Embed Pods Frameworks";
			outputPaths = (
			);
			runOnlyForDeploymentPostprocessing = 0;
			shellPath = /bin/sh;
			shellScript = "\"${SRCROOT}/Pods/Target Support Files/Pods-Stats/Pods-Stats-frameworks.sh\"\n";
			showEnvVarsInLog = 0;
		};
		FBE270A4033A18DD893A3BBA /* [CP] Copy Pods Resources */ = {
			isa = PBXShellScriptBuildPhase;
			buildActionMask = 2147483647;
			files = (
			);
			inputPaths = (
			);
			name = "[CP] Copy Pods Resources";
			outputPaths = (
			);
			runOnlyForDeploymentPostprocessing = 0;
			shellPath = /bin/sh;
			shellScript = "\"${SRCROOT}/Pods/Target Support Files/Pods-Stats/Pods-Stats-resources.sh\"\n";
			showEnvVarsInLog = 0;
		};
/* End PBXShellScriptBuildPhase section */

/* Begin PBXSourcesBuildPhase section */
		A1DC99CB1E7E3E4500C6FF8C /* Sources */ = {
			isa = PBXSourcesBuildPhase;
			buildActionMask = 2147483647;
			files = (
				A1A2C3691E8C05150008274F /* TeamHeaderSectionController.swift in Sources */,
				A1CD9A191E8AA83D00D3C8F7 /* NewUserState.swift in Sources */,
				A1BF9C401E8AC449007341EA /* GameState.swift in Sources */,
				A14B64F61E8E0E5400CBDE92 /* FirebaseNetworkAccess.swift in Sources */,
				A14B64EE1E8D662900CBDE92 /* TeamCreationViewController.swift in Sources */,
				A16D416D1E97364300DE01D4 /* DeleteTeam.swift in Sources */,
				A14B64E61E8D647B00CBDE92 /* AddTeamViewController.swift in Sources */,
				A1BF9C3F1E8AC443007341EA /* Game.swift in Sources */,
				A1D67D481E8FE8BF00200B65 /* MainViewController.swift in Sources */,
				A1A2C3631E8BF6020008274F /* TeamHeaderCell.swift in Sources */,
				A17999821E82B9780058A002 /* DateHelper.swift in Sources */,
				A17999911E82DF300058A002 /* HomeCollectionViewCell.swift in Sources */,
				A14B64E11E8D429800CBDE92 /* StockPhotosViewController.swift in Sources */,
				A1D67D541E9097E100200B65 /* SettingsViewController.swift in Sources */,
				A1B41C2A1E85A4E300FAC930 /* AtBat.swift in Sources */,
				A1B41C261E85A4C400FAC930 /* Player.swift in Sources */,
				A17999931E82DF300058A002 /* HomeViewController.swift in Sources */,
				A17999861E82B98E0058A002 /* StoryboardInitializable.swift in Sources */,
				A1BF9C441E8B2172007341EA /* UserState.swift in Sources */,
				A1CD9A0E1E89D05E00D3C8F7 /* Keys.swift in Sources */,
				A17999881E82B9A60058A002 /* UIColorExtension.swift in Sources */,
				A1CD9A141E8A9C6000D3C8F7 /* PlayerState.swift in Sources */,
				A17EF6CC1E94044E00DEE4ED /* UpdateObject.swift in Sources */,
				A1CD9A0A1E89C26200D3C8F7 /* TeamState.swift in Sources */,
				A1868F9F1E802E1600C191EC /* AppState.swift in Sources */,
				A1D67D4F1E8FE9E700200B65 /* SubscribeToReachability.swift in Sources */,
				A179996E1E82B64A0058A002 /* User.swift in Sources */,
				A1A2C3741E8C12080008274F /* EmailViewController.swift in Sources */,
				A17999921E82DF300058A002 /* HomeMenuItem.swift in Sources */,
				A1868F9D1E802DDD00C191EC /* Result.swift in Sources */,
				A1D67D411E8FE24C00200B65 /* BasicHeaderCell.swift in Sources */,
				A1BF9C461E8B22B2007341EA /* GetCurrentUser.swift in Sources */,
				A1CD9A1B1E8AACAB00D3C8F7 /* CheckUsernameAvailability.swift in Sources */,
				A17999841E82B9860058A002 /* SegueHandlerType.swift in Sources */,
				A14B64FA1E8EB95600CBDE92 /* Firebase+St@ts.swift in Sources */,
				A1B41C241E85A4B300FAC930 /* Team.swift in Sources */,
				A1868FA21E802F5C00C191EC /* Reactor.swift in Sources */,
				A17EF6C61E93EDEC00DEE4ED /* UploadToStorage.swift in Sources */,
				A1D67D4A1E8FE8EE00200B65 /* LoadingImageViewController.swift in Sources */,
				A17EF6C01E93256000DEE4ED /* TouchObject.swift in Sources */,
				A14B64DF1E8D3EC200CBDE92 /* UIViewControllerExtensions.swift in Sources */,
				A1CD9A101E8A9ABC00D3C8F7 /* SeasonState.swift in Sources */,
				A14B64F41E8E04CA00CBDE92 /* GetUserTeams.swift in Sources */,
				A1CD9A1E1E8ABBBC00D3C8F7 /* Arrays.swift in Sources */,
				A17EF6C81E93FC6D00DEE4ED /* CreateSeason.swift in Sources */,
				A17999701E82B67C0058A002 /* LoadICloudUser.swift in Sources */,
				A1CD9A121E8A9C2400D3C8F7 /* AtBatState.swift in Sources */,
				A1A2C35E1E8BF3680008274F /* Component.swift in Sources */,
				A17EF6D01E941D8700DEE4ED /* SubscribeToTeam.swift in Sources */,
				A17EF6BE1E931A0300DEE4ED /* TeamSwitcherViewController.swift in Sources */,
				A1D67D431E8FE3A000200B65 /* Appearance.swift in Sources */,
				A1A2C35C1E8BF2FB0008274F /* AvatarViewController.swift in Sources */,
				A17EF6CA1E94040D00DEE4ED /* DeleteObject.swift in Sources */,
				A1D67D3A1E8F23DE00200B65 /* ManageTeamsViewController.swift in Sources */,
				A1D67D3F1E8F253F00200B65 /* BasicTeamCell.swift in Sources */,
				A14B64F01E8D67A100CBDE92 /* SaveTeam.swift in Sources */,
				A17EF6CE1E94148300DEE4ED /* SubscribeToObject.swift in Sources */,
				A1DC99D31E7E3E4500C6FF8C /* AppDelegate.swift in Sources */,
				A1A2C3751E8C135E0008274F /* SaveNewUser.swift in Sources */,
				A14B64F21E8D696800CBDE92 /* AddTeamToUser.swift in Sources */,
				A1F959341E8953440087B040 /* Season.swift in Sources */,
				A1D8054C1E89870B0072AA49 /* UsernameViewController.swift in Sources */,
				A179997D1E82B8BD0058A002 /* NSDate+ValueType.swift in Sources */,
				A1D67D381E8F081A00200B65 /* TeamActionSectionController.swift in Sources */,
				A131CC8E1E8EEE6600A5D66B /* SubscribeToCurrentUser.swift in Sources */,
				A14B64FC1E8EB99B00CBDE92 /* Identifiable.swift in Sources */,
				A17EF6D91E954A6500DEE4ED /* DeleteImage.swift in Sources */,
				A17EF6C41E93E8D200DEE4ED /* NewTeamState.swift in Sources */,
			);
			runOnlyForDeploymentPostprocessing = 0;
		};
/* End PBXSourcesBuildPhase section */

/* Begin PBXVariantGroup section */
		A14B64E21E8D42B000CBDE92 /* StockPhotosViewController.storyboard */ = {
			isa = PBXVariantGroup;
			children = (
				A14B64E31E8D42B000CBDE92 /* Base */,
			);
			name = StockPhotosViewController.storyboard;
			sourceTree = "<group>";
		};
		A14B64E71E8D64A900CBDE92 /* AddTeamViewController.storyboard */ = {
			isa = PBXVariantGroup;
			children = (
				A14B64E81E8D64A900CBDE92 /* Base */,
			);
			name = AddTeamViewController.storyboard;
			sourceTree = "<group>";
		};
		A14B64EA1E8D65C500CBDE92 /* TeamCreationViewController.storyboard */ = {
			isa = PBXVariantGroup;
			children = (
				A14B64EB1E8D65C500CBDE92 /* Base */,
			);
			name = TeamCreationViewController.storyboard;
			sourceTree = "<group>";
		};
		A17999951E82DFF00058A002 /* LaunchScreen.storyboard */ = {
			isa = PBXVariantGroup;
			children = (
				A17999961E82DFF00058A002 /* Base */,
			);
			name = LaunchScreen.storyboard;
			sourceTree = "<group>";
		};
		A17999981E82DFFF0058A002 /* HomeViewController.storyboard */ = {
			isa = PBXVariantGroup;
			children = (
				A17999991E82DFFF0058A002 /* Base */,
			);
			name = HomeViewController.storyboard;
			sourceTree = "<group>";
		};
		A17EF6BA1E930D3100DEE4ED /* TeamSwitcherViewController.storyboard */ = {
			isa = PBXVariantGroup;
			children = (
				A17EF6BB1E930D3100DEE4ED /* Base */,
			);
			name = TeamSwitcherViewController.storyboard;
			sourceTree = "<group>";
		};
		A1A2C36D1E8C0F4C0008274F /* AvatarViewController.storyboard */ = {
			isa = PBXVariantGroup;
			children = (
				A1A2C36E1E8C0F4C0008274F /* Base */,
			);
			name = AvatarViewController.storyboard;
			sourceTree = "<group>";
		};
		A1A2C3701E8C11F30008274F /* EmailViewController.storyboard */ = {
			isa = PBXVariantGroup;
			children = (
				A1A2C3711E8C11F30008274F /* Base */,
			);
			name = EmailViewController.storyboard;
			sourceTree = "<group>";
		};
		A1CD9A151E8AA2F000D3C8F7 /* UsernameViewController.storyboard */ = {
			isa = PBXVariantGroup;
			children = (
				A1CD9A161E8AA2F000D3C8F7 /* Base */,
			);
			name = UsernameViewController.storyboard;
			sourceTree = "<group>";
		};
		A1D67D3B1E8F244000200B65 /* ManageTeamsViewController.storyboard */ = {
			isa = PBXVariantGroup;
			children = (
				A1D67D3C1E8F244000200B65 /* Base */,
			);
			name = ManageTeamsViewController.storyboard;
			sourceTree = "<group>";
		};
		A1D67D441E8FE8B100200B65 /* Main.storyboard */ = {
			isa = PBXVariantGroup;
			children = (
				A1D67D451E8FE8B100200B65 /* Base */,
			);
			name = Main.storyboard;
			sourceTree = "<group>";
		};
		A1D67D4B1E8FE8FC00200B65 /* LoadingImageViewController.storyboard */ = {
			isa = PBXVariantGroup;
			children = (
				A1D67D4C1E8FE8FC00200B65 /* Base */,
			);
			name = LoadingImageViewController.storyboard;
			sourceTree = "<group>";
		};
		A1D67D501E9097C600200B65 /* SettingsViewController.storyboard */ = {
			isa = PBXVariantGroup;
			children = (
				A1D67D511E9097C600200B65 /* Base */,
			);
			name = SettingsViewController.storyboard;
			sourceTree = "<group>";
		};
		A1D67D551E92872A00200B65 /* BasicCell.xib */ = {
			isa = PBXVariantGroup;
			children = (
				A1D67D561E92872A00200B65 /* Base */,
			);
			name = BasicCell.xib;
			sourceTree = "<group>";
		};
		A1D67D581E928A0C00200B65 /* BasicHeaderCell.xib */ = {
			isa = PBXVariantGroup;
			children = (
				A1D67D591E928A0D00200B65 /* Base */,
			);
			name = BasicHeaderCell.xib;
			sourceTree = "<group>";
		};
/* End PBXVariantGroup section */

/* Begin XCBuildConfiguration section */
		A1DC99DF1E7E3E4500C6FF8C /* Debug */ = {
			isa = XCBuildConfiguration;
			buildSettings = {
				ALWAYS_SEARCH_USER_PATHS = NO;
				CLANG_ANALYZER_NONNULL = YES;
				CLANG_CXX_LANGUAGE_STANDARD = "gnu++0x";
				CLANG_CXX_LIBRARY = "libc++";
				CLANG_ENABLE_MODULES = YES;
				CLANG_ENABLE_OBJC_ARC = YES;
				CLANG_WARN_BOOL_CONVERSION = YES;
				CLANG_WARN_CONSTANT_CONVERSION = YES;
				CLANG_WARN_DIRECT_OBJC_ISA_USAGE = YES_ERROR;
				CLANG_WARN_DOCUMENTATION_COMMENTS = YES;
				CLANG_WARN_EMPTY_BODY = YES;
				CLANG_WARN_ENUM_CONVERSION = YES;
				CLANG_WARN_INFINITE_RECURSION = YES;
				CLANG_WARN_INT_CONVERSION = YES;
				CLANG_WARN_OBJC_ROOT_CLASS = YES_ERROR;
				CLANG_WARN_SUSPICIOUS_MOVE = YES;
				CLANG_WARN_UNREACHABLE_CODE = YES;
				CLANG_WARN__DUPLICATE_METHOD_MATCH = YES;
				"CODE_SIGN_IDENTITY[sdk=iphoneos*]" = "iPhone Developer";
				COPY_PHASE_STRIP = NO;
				DEBUG_INFORMATION_FORMAT = dwarf;
				ENABLE_STRICT_OBJC_MSGSEND = YES;
				ENABLE_TESTABILITY = YES;
				GCC_C_LANGUAGE_STANDARD = gnu99;
				GCC_DYNAMIC_NO_PIC = NO;
				GCC_NO_COMMON_BLOCKS = YES;
				GCC_OPTIMIZATION_LEVEL = 0;
				GCC_PREPROCESSOR_DEFINITIONS = (
					"DEBUG=1",
					"$(inherited)",
				);
				GCC_WARN_64_TO_32_BIT_CONVERSION = YES;
				GCC_WARN_ABOUT_RETURN_TYPE = YES_ERROR;
				GCC_WARN_UNDECLARED_SELECTOR = YES;
				GCC_WARN_UNINITIALIZED_AUTOS = YES_AGGRESSIVE;
				GCC_WARN_UNUSED_FUNCTION = YES;
				GCC_WARN_UNUSED_VARIABLE = YES;
				IPHONEOS_DEPLOYMENT_TARGET = 10.2;
				MTL_ENABLE_DEBUG_INFO = YES;
				ONLY_ACTIVE_ARCH = YES;
				SDKROOT = iphoneos;
				SWIFT_ACTIVE_COMPILATION_CONDITIONS = DEBUG;
				SWIFT_OPTIMIZATION_LEVEL = "-Onone";
			};
			name = Debug;
		};
		A1DC99E01E7E3E4500C6FF8C /* Release */ = {
			isa = XCBuildConfiguration;
			buildSettings = {
				ALWAYS_SEARCH_USER_PATHS = NO;
				CLANG_ANALYZER_NONNULL = YES;
				CLANG_CXX_LANGUAGE_STANDARD = "gnu++0x";
				CLANG_CXX_LIBRARY = "libc++";
				CLANG_ENABLE_MODULES = YES;
				CLANG_ENABLE_OBJC_ARC = YES;
				CLANG_WARN_BOOL_CONVERSION = YES;
				CLANG_WARN_CONSTANT_CONVERSION = YES;
				CLANG_WARN_DIRECT_OBJC_ISA_USAGE = YES_ERROR;
				CLANG_WARN_DOCUMENTATION_COMMENTS = YES;
				CLANG_WARN_EMPTY_BODY = YES;
				CLANG_WARN_ENUM_CONVERSION = YES;
				CLANG_WARN_INFINITE_RECURSION = YES;
				CLANG_WARN_INT_CONVERSION = YES;
				CLANG_WARN_OBJC_ROOT_CLASS = YES_ERROR;
				CLANG_WARN_SUSPICIOUS_MOVE = YES;
				CLANG_WARN_UNREACHABLE_CODE = YES;
				CLANG_WARN__DUPLICATE_METHOD_MATCH = YES;
				"CODE_SIGN_IDENTITY[sdk=iphoneos*]" = "iPhone Developer";
				COPY_PHASE_STRIP = NO;
				DEBUG_INFORMATION_FORMAT = "dwarf-with-dsym";
				ENABLE_NS_ASSERTIONS = NO;
				ENABLE_STRICT_OBJC_MSGSEND = YES;
				GCC_C_LANGUAGE_STANDARD = gnu99;
				GCC_NO_COMMON_BLOCKS = YES;
				GCC_WARN_64_TO_32_BIT_CONVERSION = YES;
				GCC_WARN_ABOUT_RETURN_TYPE = YES_ERROR;
				GCC_WARN_UNDECLARED_SELECTOR = YES;
				GCC_WARN_UNINITIALIZED_AUTOS = YES_AGGRESSIVE;
				GCC_WARN_UNUSED_FUNCTION = YES;
				GCC_WARN_UNUSED_VARIABLE = YES;
				IPHONEOS_DEPLOYMENT_TARGET = 10.2;
				MTL_ENABLE_DEBUG_INFO = NO;
				SDKROOT = iphoneos;
				SWIFT_OPTIMIZATION_LEVEL = "-Owholemodule";
				VALIDATE_PRODUCT = YES;
			};
			name = Release;
		};
		A1DC99E21E7E3E4500C6FF8C /* Debug */ = {
			isa = XCBuildConfiguration;
			baseConfigurationReference = 23340C3D14A1D9E6B1878846 /* Pods-Stats.debug.xcconfig */;
			buildSettings = {
				ALWAYS_EMBED_SWIFT_STANDARD_LIBRARIES = YES;
				ASSETCATALOG_COMPILER_APPICON_NAME = AppIcon;
				CODE_SIGN_ENTITLEMENTS = Stats/Stats.entitlements;
				DEVELOPMENT_TEAM = WK6LDT652Z;
				INFOPLIST_FILE = Stats/Info.plist;
				LD_RUNPATH_SEARCH_PATHS = "$(inherited) @executable_path/Frameworks";
				PRODUCT_BUNDLE_IDENTIFIER = com.AppsByPJ.Stats;
				PRODUCT_NAME = "$(TARGET_NAME)";
				SWIFT_VERSION = 3.0;
			};
			name = Debug;
		};
		A1DC99E31E7E3E4500C6FF8C /* Release */ = {
			isa = XCBuildConfiguration;
			baseConfigurationReference = 3EB00BD85F52BB91F956360D /* Pods-Stats.release.xcconfig */;
			buildSettings = {
				ALWAYS_EMBED_SWIFT_STANDARD_LIBRARIES = YES;
				ASSETCATALOG_COMPILER_APPICON_NAME = AppIcon;
				CODE_SIGN_ENTITLEMENTS = Stats/Stats.entitlements;
				DEVELOPMENT_TEAM = WK6LDT652Z;
				INFOPLIST_FILE = Stats/Info.plist;
				LD_RUNPATH_SEARCH_PATHS = "$(inherited) @executable_path/Frameworks";
				PRODUCT_BUNDLE_IDENTIFIER = com.AppsByPJ.Stats;
				PRODUCT_NAME = "$(TARGET_NAME)";
				SWIFT_VERSION = 3.0;
			};
			name = Release;
		};
/* End XCBuildConfiguration section */

/* Begin XCConfigurationList section */
		A1DC99CA1E7E3E4500C6FF8C /* Build configuration list for PBXProject "Stats" */ = {
			isa = XCConfigurationList;
			buildConfigurations = (
				A1DC99DF1E7E3E4500C6FF8C /* Debug */,
				A1DC99E01E7E3E4500C6FF8C /* Release */,
			);
			defaultConfigurationIsVisible = 0;
			defaultConfigurationName = Release;
		};
		A1DC99E11E7E3E4500C6FF8C /* Build configuration list for PBXNativeTarget "Stats" */ = {
			isa = XCConfigurationList;
			buildConfigurations = (
				A1DC99E21E7E3E4500C6FF8C /* Debug */,
				A1DC99E31E7E3E4500C6FF8C /* Release */,
			);
			defaultConfigurationIsVisible = 0;
			defaultConfigurationName = Release;
		};
/* End XCConfigurationList section */
	};
	rootObject = A1DC99C71E7E3E4500C6FF8C /* Project object */;
}
